
Microsoft Visual Studio Solution File, Format Version 12.00
# Visual Studio Version 17
VisualStudioVersion = 17.11.35327.3
MinimumVisualStudioVersion = 10.0.40219.1
Project("{FAE04EC0-301F-11D3-BF4B-00C04F79EFBC}") = "LibrosWebAPI", "LibrosWebAPI\LibrosWebAPI.csproj", "{1DECDCF1-EB7D-48D4-A711-8306B25B328B}"
EndProject
Project("{FAE04EC0-301F-11D3-BF4B-00C04F79EFBC}") = "LibrosWeAPI.Test", "LibrosWeAPI.Test\LibrosWeAPI.Test.csproj", "{47A1F6E7-EB8B-4064-8FAA-9BD785C55A8B}"
EndProject
Project("{FAE04EC0-301F-11D3-BF4B-00C04F79EFBC}") = "LibrosWebAPITests", "LibrosWebAPITests\LibrosWebAPITests.csproj", "{DAADF428-4476-4D4B-9787-A5AABF8FD7F1}"
EndProject
Global
	GlobalSection(SolutionConfigurationPlatforms) = preSolution
		Debug|Any CPU = Debug|Any CPU
		Release|Any CPU = Release|Any CPU
	EndGlobalSection
	GlobalSection(ProjectConfigurationPlatforms) = postSolution
		{1DECDCF1-EB7D-48D4-A711-8306B25B328B}.Debug|Any CPU.ActiveCfg = Debug|Any CPU
		{1DECDCF1-EB7D-48D4-A711-8306B25B328B}.Debug|Any CPU.Build.0 = Debug|Any CPU
		{1DECDCF1-EB7D-48D4-A711-8306B25B328B}.Release|Any CPU.ActiveCfg = Release|Any CPU
		{1DECDCF1-EB7D-48D4-A711-8306B25B328B}.Release|Any CPU.Build.0 = Release|Any CPU
		{47A1F6E7-EB8B-4064-8FAA-9BD785C55A8B}.Debug|Any CPU.ActiveCfg = Debug|Any CPU
		{47A1F6E7-EB8B-4064-8FAA-9BD785C55A8B}.Debug|Any CPU.Build.0 = Debug|Any CPU
		{47A1F6E7-EB8B-4064-8FAA-9BD785C55A8B}.Release|Any CPU.ActiveCfg = Release|Any CPU
		{47A1F6E7-EB8B-4064-8FAA-9BD785C55A8B}.Release|Any CPU.Build.0 = Release|Any CPU
		{DAADF428-4476-4D4B-9787-A5AABF8FD7F1}.Debug|Any CPU.ActiveCfg = Debug|Any CPU
		{DAADF428-4476-4D4B-9787-A5AABF8FD7F1}.Debug|Any CPU.Build.0 = Debug|Any CPU
		{DAADF428-4476-4D4B-9787-A5AABF8FD7F1}.Release|Any CPU.ActiveCfg = Release|Any CPU
		{DAADF428-4476-4D4B-9787-A5AABF8FD7F1}.Release|Any CPU.Build.0 = Release|Any CPU
	EndGlobalSection
	GlobalSection(SolutionProperties) = preSolution
		HideSolutionNode = FALSE
	EndGlobalSection
	GlobalSection(ExtensibilityGlobals) = postSolution
		SolutionGuid = {45C71DF5-8F88-418D-ADF2-866AE66AA90D}
	EndGlobalSection
EndGlobal
